<Solution>
  <Project Path="Fiap.TechChallenge.OficinaMecanica.Test.IntegrationTests/Fiap.TechChallenge.OficinaMecanica.Test.IntegrationTests.csproj" Id="285425d9-d07d-4704-b00f-5ad9c4de5cef" />
  <Project Path="Fiap.TechChallenge.OficinaMecanica.csproj" />
  <Project Path="Fiap.TechChallenge.OficinaMecanica.Test.UnitTests/Fiap.TechChallenge.OficinaMecanica.Test.UnitTests.csproj" />
</Solution>
